
Microsoft Visual Studio Solution File, Format Version 12.00
# Visual Studio 2012
Project("{FAE04EC0-301F-11D3-BF4B-00C04F79EFBC}") = "InsiteCommerce.Web", "InsiteCommerce.Web\InsiteCommerce.Web.csproj", "{CE0FFFD9-65A7-4D40-9A5B-A8C9800E6FE3}"
EndProject
Project("{FAE04EC0-301F-11D3-BF4B-00C04F79EFBC}") = "Extensions", "Extensions\Extensions.csproj", "{65DB69B0-1EBA-4DA9-B8C8-1798A1EF3424}"
EndProject
Global
	GlobalSection(SolutionConfigurationPlatforms) = preSolution
		Debug|Any CPU = Debug|Any CPU
		Release|Any CPU = Release|Any CPU
	EndGlobalSection
	GlobalSection(ProjectConfigurationPlatforms) = postSolution
		{65DB69B0-1EBA-4DA9-B8C8-1798A1EF3424}.Debug|Any CPU.ActiveCfg = Debug|Any CPU
		{65DB69B0-1EBA-4DA9-B8C8-1798A1EF3424}.Debug|Any CPU.Build.0 = Debug|Any CPU
		{65DB69B0-1EBA-4DA9-B8C8-1798A1EF3424}.Release|Any CPU.ActiveCfg = Release|Any CPU
		{65DB69B0-1EBA-4DA9-B8C8-1798A1EF3424}.Release|Any CPU.Build.0 = Release|Any CPU
		{CE0FFFD9-65A7-4D40-9A5B-A8C9800E6FE3}.Debug|Any CPU.ActiveCfg = Debug|Any CPU
		{CE0FFFD9-65A7-4D40-9A5B-A8C9800E6FE3}.Debug|Any CPU.Build.0 = Debug|Any CPU
		{CE0FFFD9-65A7-4D40-9A5B-A8C9800E6FE3}.Release|Any CPU.ActiveCfg = Release|Any CPU
		{CE0FFFD9-65A7-4D40-9A5B-A8C9800E6FE3}.Release|Any CPU.Build.0 = Release|Any CPU
	EndGlobalSection
	GlobalSection(SolutionProperties) = preSolution
		HideSolutionNode = FALSE
	EndGlobalSection
EndGlobal

